
Microsoft Visual Studio Solution File, Format Version 12.00
# Visual Studio Version 17
VisualStudioVersion = 17.6.33815.320
MinimumVisualStudioVersion = 10.0.40219.1
Project("{FAE04EC0-301F-11D3-BF4B-00C04F79EFBC}") = "NumberGuesser", "NumberGuesser.csproj", "{403B0979-838C-4BAC-916F-57B7AF7EADBC}"
EndProject
Global
	GlobalSection(SolutionConfigurationPlatforms) = preSolution
		Debug|Any CPU = Debug|Any CPU
		Release|Any CPU = Release|Any CPU
	EndGlobalSection
	GlobalSection(ProjectConfigurationPlatforms) = postSolution
		{403B0979-838C-4BAC-916F-57B7AF7EADBC}.Debug|Any CPU.ActiveCfg = Debug|Any CPU
		{403B0979-838C-4BAC-916F-57B7AF7EADBC}.Debug|Any CPU.Build.0 = Debug|Any CPU
		{403B0979-838C-4BAC-916F-57B7AF7EADBC}.Release|Any CPU.ActiveCfg = Release|Any CPU
		{403B0979-838C-4BAC-916F-57B7AF7EADBC}.Release|Any CPU.Build.0 = Release|Any CPU
	EndGlobalSection
	GlobalSection(SolutionProperties) = preSolution
		HideSolutionNode = FALSE
	EndGlobalSection
	GlobalSection(ExtensibilityGlobals) = postSolution
		SolutionGuid = {1ED9E782-76D4-44E8-B92D-04C9989A2C42}
	EndGlobalSection
EndGlobal
